# This file is automatically @generated by Cargo.
# It is not intended for manual editing.
version = 4

[[package]]
name = "orbita-abi"
version = "0.1.0"

[[package]]
name = "orbita-sdk"
version = "0.1.0"
dependencies = [
 "orbita-abi",
]

[[package]]
name = "sysinfo"
version = "0.1.0"
dependencies = [
 "orbita-sdk",
]
